// !$*UTF8*$!
{
	archiveVersion = 1;
	classes = {
	};
	objectVersion = 50;
	objects = {

/* Begin PBXBuildFile section */
		2324069C21B6717C0017930A /* Recipe.swift in Sources */ = {isa = PBXBuildFile; fileRef = 2324069B21B6717C0017930A /* Recipe.swift */; };
		232E705721F3569E0039EE4A /* Ingredient.swift in Sources */ = {isa = PBXBuildFile; fileRef = 232E705621F3569E0039EE4A /* Ingredient.swift */; };
		232E705C21F3697E0039EE4A /* Constants.swift in Sources */ = {isa = PBXBuildFile; fileRef = 232E705B21F3697E0039EE4A /* Constants.swift */; };
		232E706521F3C4620039EE4A /* RecipeDetailController.swift in Sources */ = {isa = PBXBuildFile; fileRef = 232E706421F3C4620039EE4A /* RecipeDetailController.swift */; };
		235C4EC321B664B100B1C16E /* AppDelegate.swift in Sources */ = {isa = PBXBuildFile; fileRef = 235C4EC221B664B100B1C16E /* AppDelegate.swift */; };
		235C4EC821B664B100B1C16E /* Main.storyboard in Resources */ = {isa = PBXBuildFile; fileRef = 235C4EC621B664B100B1C16E /* Main.storyboard */; };
		235C4ECA21B664B300B1C16E /* Assets.xcassets in Resources */ = {isa = PBXBuildFile; fileRef = 235C4EC921B664B300B1C16E /* Assets.xcassets */; };
		235C4ECD21B664B300B1C16E /* LaunchScreen.storyboard in Resources */ = {isa = PBXBuildFile; fileRef = 235C4ECB21B664B300B1C16E /* LaunchScreen.storyboard */; };
		23D96DFB22F5CB59003A20F8 /* Extensions.swift in Sources */ = {isa = PBXBuildFile; fileRef = 23D96DFA22F5CB59003A20F8 /* Extensions.swift */; };
		23D96DFE22F5CD7F003A20F8 /* MenuBar.swift in Sources */ = {isa = PBXBuildFile; fileRef = 23D96DFD22F5CD7F003A20F8 /* MenuBar.swift */; };
		23D96E0022F5D9FE003A20F8 /* BaseCell.swift in Sources */ = {isa = PBXBuildFile; fileRef = 23D96DFF22F5D9FE003A20F8 /* BaseCell.swift */; };
		23D96E0222F5DA76003A20F8 /* MenuCell.swift in Sources */ = {isa = PBXBuildFile; fileRef = 23D96E0122F5DA76003A20F8 /* MenuCell.swift */; };
		23E5572322DDF8C50052E868 /* GetIdeasCell.swift in Sources */ = {isa = PBXBuildFile; fileRef = 23E5572222DDF8C50052E868 /* GetIdeasCell.swift */; };
		23EE1C88220884520058D56B /* GetIdeasController.swift in Sources */ = {isa = PBXBuildFile; fileRef = 23EE1C87220884520058D56B /* GetIdeasController.swift */; };
		23EED64C22DC9E960080A94D /* GoogleService-Info.plist in Resources */ = {isa = PBXBuildFile; fileRef = 23EED64B22DC9E960080A94D /* GoogleService-Info.plist */; };
		23F7341A22FD623A009EC20C /* ApiService.swift in Sources */ = {isa = PBXBuildFile; fileRef = 23F7341922FD623A009EC20C /* ApiService.swift */; };
		23F7341C22FD76E0009EC20C /* FeedCell.swift in Sources */ = {isa = PBXBuildFile; fileRef = 23F7341B22FD76E0009EC20C /* FeedCell.swift */; };
		23F7341E22FD84D4009EC20C /* MyRecipesCell.swift in Sources */ = {isa = PBXBuildFile; fileRef = 23F7341D22FD84D4009EC20C /* MyRecipesCell.swift */; };
		4274F1D7C9C3CA77E6773206 /* Pods_RecipeChef.framework in Frameworks */ = {isa = PBXBuildFile; fileRef = 18F90F360E5011321839B2B0 /* Pods_RecipeChef.framework */; };
/* End PBXBuildFile section */

/* Begin PBXFileReference section */
		18F90F360E5011321839B2B0 /* Pods_RecipeChef.framework */ = {isa = PBXFileReference; explicitFileType = wrapper.framework; includeInIndex = 0; path = Pods_RecipeChef.framework; sourceTree = BUILT_PRODUCTS_DIR; };
		2324069B21B6717C0017930A /* Recipe.swift */ = {isa = PBXFileReference; lastKnownFileType = sourcecode.swift; path = Recipe.swift; sourceTree = "<group>"; };
		232E705621F3569E0039EE4A /* Ingredient.swift */ = {isa = PBXFileReference; lastKnownFileType = sourcecode.swift; path = Ingredient.swift; sourceTree = "<group>"; };
		232E705B21F3697E0039EE4A /* Constants.swift */ = {isa = PBXFileReference; lastKnownFileType = sourcecode.swift; name = Constants.swift; path = RecipeChef/Constants/Constants.swift; sourceTree = SOURCE_ROOT; };
		232E706421F3C4620039EE4A /* RecipeDetailController.swift */ = {isa = PBXFileReference; lastKnownFileType = sourcecode.swift; path = RecipeDetailController.swift; sourceTree = "<group>"; };
		235C4EBF21B664B100B1C16E /* RecipeChef.app */ = {isa = PBXFileReference; explicitFileType = wrapper.application; includeInIndex = 0; path = RecipeChef.app; sourceTree = BUILT_PRODUCTS_DIR; };
		235C4EC221B664B100B1C16E /* AppDelegate.swift */ = {isa = PBXFileReference; lastKnownFileType = sourcecode.swift; path = AppDelegate.swift; sourceTree = "<group>"; };
		235C4EC721B664B100B1C16E /* Base */ = {isa = PBXFileReference; lastKnownFileType = file.storyboard; name = Base; path = Base.lproj/Main.storyboard; sourceTree = "<group>"; };
		235C4EC921B664B300B1C16E /* Assets.xcassets */ = {isa = PBXFileReference; lastKnownFileType = folder.assetcatalog; path = Assets.xcassets; sourceTree = "<group>"; };
		235C4ECC21B664B300B1C16E /* Base */ = {isa = PBXFileReference; lastKnownFileType = file.storyboard; name = Base; path = Base.lproj/LaunchScreen.storyboard; sourceTree = "<group>"; };
		235C4ECE21B664B300B1C16E /* Info.plist */ = {isa = PBXFileReference; lastKnownFileType = text.plist.xml; path = Info.plist; sourceTree = "<group>"; };
		23D96DFA22F5CB59003A20F8 /* Extensions.swift */ = {isa = PBXFileReference; lastKnownFileType = sourcecode.swift; path = Extensions.swift; sourceTree = "<group>"; };
		23D96DFD22F5CD7F003A20F8 /* MenuBar.swift */ = {isa = PBXFileReference; lastKnownFileType = sourcecode.swift; path = MenuBar.swift; sourceTree = "<group>"; };
		23D96DFF22F5D9FE003A20F8 /* BaseCell.swift */ = {isa = PBXFileReference; lastKnownFileType = sourcecode.swift; path = BaseCell.swift; sourceTree = "<group>"; };
		23D96E0122F5DA76003A20F8 /* MenuCell.swift */ = {isa = PBXFileReference; lastKnownFileType = sourcecode.swift; path = MenuCell.swift; sourceTree = "<group>"; };
		23E5572222DDF8C50052E868 /* GetIdeasCell.swift */ = {isa = PBXFileReference; lastKnownFileType = sourcecode.swift; path = GetIdeasCell.swift; sourceTree = "<group>"; };
		23EE1C87220884520058D56B /* GetIdeasController.swift */ = {isa = PBXFileReference; lastKnownFileType = sourcecode.swift; path = GetIdeasController.swift; sourceTree = "<group>"; };
		23EED64B22DC9E960080A94D /* GoogleService-Info.plist */ = {isa = PBXFileReference; fileEncoding = 4; lastKnownFileType = text.plist.xml; path = "GoogleService-Info.plist"; sourceTree = SOURCE_ROOT; };
		23F7341922FD623A009EC20C /* ApiService.swift */ = {isa = PBXFileReference; lastKnownFileType = sourcecode.swift; path = ApiService.swift; sourceTree = "<group>"; };
		23F7341B22FD76E0009EC20C /* FeedCell.swift */ = {isa = PBXFileReference; lastKnownFileType = sourcecode.swift; path = FeedCell.swift; sourceTree = "<group>"; };
		23F7341D22FD84D4009EC20C /* MyRecipesCell.swift */ = {isa = PBXFileReference; lastKnownFileType = sourcecode.swift; path = MyRecipesCell.swift; sourceTree = "<group>"; };
		6D5B7E337BEF3809CB7A2590 /* Pods-RecipeChef.release.xcconfig */ = {isa = PBXFileReference; includeInIndex = 1; lastKnownFileType = text.xcconfig; name = "Pods-RecipeChef.release.xcconfig"; path = "Pods/Target Support Files/Pods-RecipeChef/Pods-RecipeChef.release.xcconfig"; sourceTree = "<group>"; };
		C2127790C5E3D2A4D4B7E0F4 /* Pods-RecipeChef.debug.xcconfig */ = {isa = PBXFileReference; includeInIndex = 1; lastKnownFileType = text.xcconfig; name = "Pods-RecipeChef.debug.xcconfig"; path = "Pods/Target Support Files/Pods-RecipeChef/Pods-RecipeChef.debug.xcconfig"; sourceTree = "<group>"; };
/* End PBXFileReference section */

/* Begin PBXFrameworksBuildPhase section */
		235C4EBC21B664B100B1C16E /* Frameworks */ = {
			isa = PBXFrameworksBuildPhase;
			buildActionMask = 2147483647;
			files = (
				4274F1D7C9C3CA77E6773206 /* Pods_RecipeChef.framework in Frameworks */,
			);
			runOnlyForDeploymentPostprocessing = 0;
		};
/* End PBXFrameworksBuildPhase section */

/* Begin PBXGroup section */
		2324069A21B671690017930A /* Models */ = {
			isa = PBXGroup;
			children = (
				2324069B21B6717C0017930A /* Recipe.swift */,
				232E705621F3569E0039EE4A /* Ingredient.swift */,
			);
			path = Models;
			sourceTree = "<group>";
		};
		232E705A21F369540039EE4A /* Constants */ = {
			isa = PBXGroup;
			children = (
				232E705B21F3697E0039EE4A /* Constants.swift */,
			);
			name = Constants;
			path = "New Group";
			sourceTree = "<group>";
		};
		232E705D21F379DA0039EE4A /* Helpers */ = {
			isa = PBXGroup;
			children = (
				23D96DFA22F5CB59003A20F8 /* Extensions.swift */,
			);
			path = Helpers;
			sourceTree = "<group>";
		};
		232E706621F3DFAC0039EE4A /* Protocols */ = {
			isa = PBXGroup;
			children = (
			);
			path = Protocols;
			sourceTree = "<group>";
		};
		235C4EB621B664B100B1C16E = {
			isa = PBXGroup;
			children = (
				235C4EC121B664B100B1C16E /* RecipeChef */,
				235C4EC021B664B100B1C16E /* Products */,
				4015CB4DAD77CF458F8D4CB4 /* Pods */,
				5B54FC6539C66D756D216E09 /* Frameworks */,
			);
			sourceTree = "<group>";
		};
		235C4EC021B664B100B1C16E /* Products */ = {
			isa = PBXGroup;
			children = (
				235C4EBF21B664B100B1C16E /* RecipeChef.app */,
			);
			name = Products;
			sourceTree = "<group>";
		};
		235C4EC121B664B100B1C16E /* RecipeChef */ = {
			isa = PBXGroup;
			children = (
				23F7341822FD6209009EC20C /* ApiService */,
				23EED64B22DC9E960080A94D /* GoogleService-Info.plist */,
				2324069A21B671690017930A /* Models */,
				23D96DFC22F5CC42003A20F8 /* View */,
				23ABADB021F211BB0068557B /* Controller */,
				232E705D21F379DA0039EE4A /* Helpers */,
				232E706621F3DFAC0039EE4A /* Protocols */,
				232E705A21F369540039EE4A /* Constants */,
				235C4EC221B664B100B1C16E /* AppDelegate.swift */,
				235C4EC621B664B100B1C16E /* Main.storyboard */,
				235C4EC921B664B300B1C16E /* Assets.xcassets */,
				235C4ECB21B664B300B1C16E /* LaunchScreen.storyboard */,
				235C4ECE21B664B300B1C16E /* Info.plist */,
			);
			path = RecipeChef;
			sourceTree = "<group>";
		};
		23ABADB021F211BB0068557B /* Controller */ = {
			isa = PBXGroup;
			children = (
				23EE1C87220884520058D56B /* GetIdeasController.swift */,
				232E706421F3C4620039EE4A /* RecipeDetailController.swift */,
			);
			path = Controller;
			sourceTree = "<group>";
		};
		23D96DFC22F5CC42003A20F8 /* View */ = {
			isa = PBXGroup;
			children = (
				23E5572222DDF8C50052E868 /* GetIdeasCell.swift */,
				23D96DFD22F5CD7F003A20F8 /* MenuBar.swift */,
				23D96DFF22F5D9FE003A20F8 /* BaseCell.swift */,
				23D96E0122F5DA76003A20F8 /* MenuCell.swift */,
				23F7341B22FD76E0009EC20C /* FeedCell.swift */,
				23F7341D22FD84D4009EC20C /* MyRecipesCell.swift */,
			);
			path = View;
			sourceTree = "<group>";
		};
		23F7341822FD6209009EC20C /* ApiService */ = {
			isa = PBXGroup;
			children = (
				23F7341922FD623A009EC20C /* ApiService.swift */,
			);
			path = ApiService;
			sourceTree = "<group>";
		};
		4015CB4DAD77CF458F8D4CB4 /* Pods */ = {
			isa = PBXGroup;
			children = (
				C2127790C5E3D2A4D4B7E0F4 /* Pods-RecipeChef.debug.xcconfig */,
				6D5B7E337BEF3809CB7A2590 /* Pods-RecipeChef.release.xcconfig */,
			);
			name = Pods;
			sourceTree = "<group>";
		};
		5B54FC6539C66D756D216E09 /* Frameworks */ = {
			isa = PBXGroup;
			children = (
				18F90F360E5011321839B2B0 /* Pods_RecipeChef.framework */,
			);
			name = Frameworks;
			sourceTree = "<group>";
		};
/* End PBXGroup section */

/* Begin PBXNativeTarget section */
		235C4EBE21B664B100B1C16E /* RecipeChef */ = {
			isa = PBXNativeTarget;
			buildConfigurationList = 235C4ED121B664B300B1C16E /* Build configuration list for PBXNativeTarget "RecipeChef" */;
			buildPhases = (
				93EEA5977E68616A41A4D448 /* [CP] Check Pods Manifest.lock */,
				235C4EBB21B664B100B1C16E /* Sources */,
				235C4EBC21B664B100B1C16E /* Frameworks */,
				235C4EBD21B664B100B1C16E /* Resources */,
				22DE73EDC980F757493CFD94 /* [CP] Embed Pods Frameworks */,
			);
			buildRules = (
			);
			dependencies = (
			);
			name = RecipeChef;
			productName = RecipeChef;
			productReference = 235C4EBF21B664B100B1C16E /* RecipeChef.app */;
			productType = "com.apple.product-type.application";
		};
/* End PBXNativeTarget section */

/* Begin PBXProject section */
		235C4EB721B664B100B1C16E /* Project object */ = {
			isa = PBXProject;
			attributes = {
				LastSwiftUpdateCheck = 1010;
				LastUpgradeCheck = 1010;
				ORGANIZATIONNAME = "Billy Cottrell";
				TargetAttributes = {
					235C4EBE21B664B100B1C16E = {
						CreatedOnToolsVersion = 10.1;
					};
				};
			};
			buildConfigurationList = 235C4EBA21B664B100B1C16E /* Build configuration list for PBXProject "RecipeChef" */;
			compatibilityVersion = "Xcode 9.3";
			developmentRegion = en;
			hasScannedForEncodings = 0;
			knownRegions = (
				en,
				Base,
			);
			mainGroup = 235C4EB621B664B100B1C16E;
			productRefGroup = 235C4EC021B664B100B1C16E /* Products */;
			projectDirPath = "";
			projectRoot = "";
			targets = (
				235C4EBE21B664B100B1C16E /* RecipeChef */,
			);
		};
/* End PBXProject section */

/* Begin PBXResourcesBuildPhase section */
		235C4EBD21B664B100B1C16E /* Resources */ = {
			isa = PBXResourcesBuildPhase;
			buildActionMask = 2147483647;
			files = (
				235C4ECD21B664B300B1C16E /* LaunchScreen.storyboard in Resources */,
				23EED64C22DC9E960080A94D /* GoogleService-Info.plist in Resources */,
				235C4ECA21B664B300B1C16E /* Assets.xcassets in Resources */,
				235C4EC821B664B100B1C16E /* Main.storyboard in Resources */,
			);
			runOnlyForDeploymentPostprocessing = 0;
		};
/* End PBXResourcesBuildPhase section */

/* Begin PBXShellScriptBuildPhase section */
		22DE73EDC980F757493CFD94 /* [CP] Embed Pods Frameworks */ = {
			isa = PBXShellScriptBuildPhase;
			buildActionMask = 2147483647;
			files = (
			);
			inputFileListPaths = (
			);
			inputPaths = (
				"${SRCROOT}/Pods/Target Support Files/Pods-RecipeChef/Pods-RecipeChef-frameworks.sh",
				"${BUILT_PRODUCTS_DIR}/GoogleUtilities/GoogleUtilities.framework",
				"${BUILT_PRODUCTS_DIR}/leveldb-library/leveldb.framework",
				"${BUILT_PRODUCTS_DIR}/nanopb/nanopb.framework",
			);
			name = "[CP] Embed Pods Frameworks";
			outputFileListPaths = (
			);
			outputPaths = (
				"${TARGET_BUILD_DIR}/${FRAMEWORKS_FOLDER_PATH}/GoogleUtilities.framework",
				"${TARGET_BUILD_DIR}/${FRAMEWORKS_FOLDER_PATH}/leveldb.framework",
				"${TARGET_BUILD_DIR}/${FRAMEWORKS_FOLDER_PATH}/nanopb.framework",
			);
			runOnlyForDeploymentPostprocessing = 0;
			shellPath = /bin/sh;
			shellScript = "\"${SRCROOT}/Pods/Target Support Files/Pods-RecipeChef/Pods-RecipeChef-frameworks.sh\"\n";
			showEnvVarsInLog = 0;
		};
		93EEA5977E68616A41A4D448 /* [CP] Check Pods Manifest.lock */ = {
			isa = PBXShellScriptBuildPhase;
			buildActionMask = 2147483647;
			files = (
			);
			inputFileListPaths = (
			);
			inputPaths = (
				"${PODS_PODFILE_DIR_PATH}/Podfile.lock",
				"${PODS_ROOT}/Manifest.lock",
			);
			name = "[CP] Check Pods Manifest.lock";
			outputFileListPaths = (
			);
			outputPaths = (
				"$(DERIVED_FILE_DIR)/Pods-RecipeChef-checkManifestLockResult.txt",
			);
			runOnlyForDeploymentPostprocessing = 0;
			shellPath = /bin/sh;
			shellScript = "diff \"${PODS_PODFILE_DIR_PATH}/Podfile.lock\" \"${PODS_ROOT}/Manifest.lock\" > /dev/null\nif [ $? != 0 ] ; then\n    # print error to STDERR\n    echo \"error: The sandbox is not in sync with the Podfile.lock. Run 'pod install' or update your CocoaPods installation.\" >&2\n    exit 1\nfi\n# This output is used by Xcode 'outputs' to avoid re-running this script phase.\necho \"SUCCESS\" > \"${SCRIPT_OUTPUT_FILE_0}\"\n";
			showEnvVarsInLog = 0;
		};
/* End PBXShellScriptBuildPhase section */

/* Begin PBXSourcesBuildPhase section */
		235C4EBB21B664B100B1C16E /* Sources */ = {
			isa = PBXSourcesBuildPhase;
			buildActionMask = 2147483647;
			files = (
				2324069C21B6717C0017930A /* Recipe.swift in Sources */,
				23F7341C22FD76E0009EC20C /* FeedCell.swift in Sources */,
				23EE1C88220884520058D56B /* GetIdeasController.swift in Sources */,
				23F7341E22FD84D4009EC20C /* MyRecipesCell.swift in Sources */,
				23F7341A22FD623A009EC20C /* ApiService.swift in Sources */,
				232E705721F3569E0039EE4A /* Ingredient.swift in Sources */,
				232E706521F3C4620039EE4A /* RecipeDetailController.swift in Sources */,
				23D96DFB22F5CB59003A20F8 /* Extensions.swift in Sources */,
				23D96E0222F5DA76003A20F8 /* MenuCell.swift in Sources */,
				23D96DFE22F5CD7F003A20F8 /* MenuBar.swift in Sources */,
				232E705C21F3697E0039EE4A /* Constants.swift in Sources */,
				235C4EC321B664B100B1C16E /* AppDelegate.swift in Sources */,
				23D96E0022F5D9FE003A20F8 /* BaseCell.swift in Sources */,
				23E5572322DDF8C50052E868 /* GetIdeasCell.swift in Sources */,
			);
			runOnlyForDeploymentPostprocessing = 0;
		};
/* End PBXSourcesBuildPhase section */

/* Begin PBXVariantGroup section */
		235C4EC621B664B100B1C16E /* Main.storyboard */ = {
			isa = PBXVariantGroup;
			children = (
				235C4EC721B664B100B1C16E /* Base */,
			);
			name = Main.storyboard;
			sourceTree = "<group>";
		};
		235C4ECB21B664B300B1C16E /* LaunchScreen.storyboard */ = {
			isa = PBXVariantGroup;
			children = (
				235C4ECC21B664B300B1C16E /* Base */,
			);
			name = LaunchScreen.storyboard;
			sourceTree = "<group>";
		};
/* End PBXVariantGroup section */

/* Begin XCBuildConfiguration section */
		235C4ECF21B664B300B1C16E /* Debug */ = {
			isa = XCBuildConfiguration;
			buildSettings = {
				ALWAYS_SEARCH_USER_PATHS = NO;
				CLANG_ANALYZER_NONNULL = YES;
				CLANG_ANALYZER_NUMBER_OBJECT_CONVERSION = YES_AGGRESSIVE;
				CLANG_CXX_LANGUAGE_STANDARD = "gnu++14";
				CLANG_CXX_LIBRARY = "libc++";
				CLANG_ENABLE_MODULES = YES;
				CLANG_ENABLE_OBJC_ARC = YES;
				CLANG_ENABLE_OBJC_WEAK = YES;
				CLANG_WARN_BLOCK_CAPTURE_AUTORELEASING = YES;
				CLANG_WARN_BOOL_CONVERSION = YES;
				CLANG_WARN_COMMA = YES;
				CLANG_WARN_CONSTANT_CONVERSION = YES;
				CLANG_WARN_DEPRECATED_OBJC_IMPLEMENTATIONS = YES;
				CLANG_WARN_DIRECT_OBJC_ISA_USAGE = YES_ERROR;
				CLANG_WARN_DOCUMENTATION_COMMENTS = YES;
				CLANG_WARN_EMPTY_BODY = YES;
				CLANG_WARN_ENUM_CONVERSION = YES;
				CLANG_WARN_INFINITE_RECURSION = YES;
				CLANG_WARN_INT_CONVERSION = YES;
				CLANG_WARN_NON_LITERAL_NULL_CONVERSION = YES;
				CLANG_WARN_OBJC_IMPLICIT_RETAIN_SELF = YES;
				CLANG_WARN_OBJC_LITERAL_CONVERSION = YES;
				CLANG_WARN_OBJC_ROOT_CLASS = YES_ERROR;
				CLANG_WARN_RANGE_LOOP_ANALYSIS = YES;
				CLANG_WARN_STRICT_PROTOTYPES = YES;
				CLANG_WARN_SUSPICIOUS_MOVE = YES;
				CLANG_WARN_UNGUARDED_AVAILABILITY = YES_AGGRESSIVE;
				CLANG_WARN_UNREACHABLE_CODE = YES;
				CLANG_WARN__DUPLICATE_METHOD_MATCH = YES;
				CODE_SIGN_IDENTITY = "iPhone Developer";
				COPY_PHASE_STRIP = NO;
				DEBUG_INFORMATION_FORMAT = dwarf;
				ENABLE_STRICT_OBJC_MSGSEND = YES;
				ENABLE_TESTABILITY = YES;
				GCC_C_LANGUAGE_STANDARD = gnu11;
				GCC_DYNAMIC_NO_PIC = NO;
				GCC_NO_COMMON_BLOCKS = YES;
				GCC_OPTIMIZATION_LEVEL = 0;
				GCC_PREPROCESSOR_DEFINITIONS = (
					"DEBUG=1",
					"$(inherited)",
				);
				GCC_WARN_64_TO_32_BIT_CONVERSION = YES;
				GCC_WARN_ABOUT_RETURN_TYPE = YES_ERROR;
				GCC_WARN_UNDECLARED_SELECTOR = YES;
				GCC_WARN_UNINITIALIZED_AUTOS = YES_AGGRESSIVE;
				GCC_WARN_UNUSED_FUNCTION = YES;
				GCC_WARN_UNUSED_VARIABLE = YES;
				IPHONEOS_DEPLOYMENT_TARGET = 12.1;
				MTL_ENABLE_DEBUG_INFO = INCLUDE_SOURCE;
				MTL_FAST_MATH = YES;
				ONLY_ACTIVE_ARCH = YES;
				SDKROOT = iphoneos;
				SWIFT_ACTIVE_COMPILATION_CONDITIONS = DEBUG;
				SWIFT_OPTIMIZATION_LEVEL = "-Onone";
			};
			name = Debug;
		};
		235C4ED021B664B300B1C16E /* Release */ = {
			isa = XCBuildConfiguration;
			buildSettings = {
				ALWAYS_SEARCH_USER_PATHS = NO;
				CLANG_ANALYZER_NONNULL = YES;
				CLANG_ANALYZER_NUMBER_OBJECT_CONVERSION = YES_AGGRESSIVE;
				CLANG_CXX_LANGUAGE_STANDARD = "gnu++14";
				CLANG_CXX_LIBRARY = "libc++";
				CLANG_ENABLE_MODULES = YES;
				CLANG_ENABLE_OBJC_ARC = YES;
				CLANG_ENABLE_OBJC_WEAK = YES;
				CLANG_WARN_BLOCK_CAPTURE_AUTORELEASING = YES;
				CLANG_WARN_BOOL_CONVERSION = YES;
				CLANG_WARN_COMMA = YES;
				CLANG_WARN_CONSTANT_CONVERSION = YES;
				CLANG_WARN_DEPRECATED_OBJC_IMPLEMENTATIONS = YES;
				CLANG_WARN_DIRECT_OBJC_ISA_USAGE = YES_ERROR;
				CLANG_WARN_DOCUMENTATION_COMMENTS = YES;
				CLANG_WARN_EMPTY_BODY = YES;
				CLANG_WARN_ENUM_CONVERSION = YES;
				CLANG_WARN_INFINITE_RECURSION = YES;
				CLANG_WARN_INT_CONVERSION = YES;
				CLANG_WARN_NON_LITERAL_NULL_CONVERSION = YES;
				CLANG_WARN_OBJC_IMPLICIT_RETAIN_SELF = YES;
				CLANG_WARN_OBJC_LITERAL_CONVERSION = YES;
				CLANG_WARN_OBJC_ROOT_CLASS = YES_ERROR;
				CLANG_WARN_RANGE_LOOP_ANALYSIS = YES;
				CLANG_WARN_STRICT_PROTOTYPES = YES;
				CLANG_WARN_SUSPICIOUS_MOVE = YES;
				CLANG_WARN_UNGUARDED_AVAILABILITY = YES_AGGRESSIVE;
				CLANG_WARN_UNREACHABLE_CODE = YES;
				CLANG_WARN__DUPLICATE_METHOD_MATCH = YES;
				CODE_SIGN_IDENTITY = "iPhone Developer";
				COPY_PHASE_STRIP = NO;
				DEBUG_INFORMATION_FORMAT = "dwarf-with-dsym";
				ENABLE_NS_ASSERTIONS = NO;
				ENABLE_STRICT_OBJC_MSGSEND = YES;
				GCC_C_LANGUAGE_STANDARD = gnu11;
				GCC_NO_COMMON_BLOCKS = YES;
				GCC_WARN_64_TO_32_BIT_CONVERSION = YES;
				GCC_WARN_ABOUT_RETURN_TYPE = YES_ERROR;
				GCC_WARN_UNDECLARED_SELECTOR = YES;
				GCC_WARN_UNINITIALIZED_AUTOS = YES_AGGRESSIVE;
				GCC_WARN_UNUSED_FUNCTION = YES;
				GCC_WARN_UNUSED_VARIABLE = YES;
				IPHONEOS_DEPLOYMENT_TARGET = 12.1;
				MTL_ENABLE_DEBUG_INFO = NO;
				MTL_FAST_MATH = YES;
				SDKROOT = iphoneos;
				SWIFT_COMPILATION_MODE = wholemodule;
				SWIFT_OPTIMIZATION_LEVEL = "-O";
				VALIDATE_PRODUCT = YES;
			};
			name = Release;
		};
		235C4ED221B664B300B1C16E /* Debug */ = {
			isa = XCBuildConfiguration;
			baseConfigurationReference = C2127790C5E3D2A4D4B7E0F4 /* Pods-RecipeChef.debug.xcconfig */;
			buildSettings = {
				ASSETCATALOG_COMPILER_APPICON_NAME = AppIcon;
				CODE_SIGN_STYLE = Automatic;
				DEVELOPMENT_TEAM = BLZNV3MKNN;
				INFOPLIST_FILE = RecipeChef/Info.plist;
				LD_RUNPATH_SEARCH_PATHS = (
					"$(inherited)",
					"@executable_path/Frameworks",
				);
				PRODUCT_BUNDLE_IDENTIFIER = com.codexive.recipechef;
				PRODUCT_NAME = "$(TARGET_NAME)";
				SWIFT_VERSION = 4.2;
				TARGETED_DEVICE_FAMILY = "1,2";
			};
			name = Debug;
		};
		235C4ED321B664B300B1C16E /* Release */ = {
			isa = XCBuildConfiguration;
			baseConfigurationReference = 6D5B7E337BEF3809CB7A2590 /* Pods-RecipeChef.release.xcconfig */;
			buildSettings = {
				ASSETCATALOG_COMPILER_APPICON_NAME = AppIcon;
				CODE_SIGN_STYLE = Automatic;
				DEVELOPMENT_TEAM = BLZNV3MKNN;
				INFOPLIST_FILE = RecipeChef/Info.plist;
				LD_RUNPATH_SEARCH_PATHS = (
					"$(inherited)",
					"@executable_path/Frameworks",
				);
				PRODUCT_BUNDLE_IDENTIFIER = com.codexive.recipechef;
				PRODUCT_NAME = "$(TARGET_NAME)";
				SWIFT_VERSION = 4.2;
				TARGETED_DEVICE_FAMILY = "1,2";
			};
			name = Release;
		};
/* End XCBuildConfiguration section */

/* Begin XCConfigurationList section */
		235C4EBA21B664B100B1C16E /* Build configuration list for PBXProject "RecipeChef" */ = {
			isa = XCConfigurationList;
			buildConfigurations = (
				235C4ECF21B664B300B1C16E /* Debug */,
				235C4ED021B664B300B1C16E /* Release */,
			);
			defaultConfigurationIsVisible = 0;
			defaultConfigurationName = Release;
		};
		235C4ED121B664B300B1C16E /* Build configuration list for PBXNativeTarget "RecipeChef" */ = {
			isa = XCConfigurationList;
			buildConfigurations = (
				235C4ED221B664B300B1C16E /* Debug */,
				235C4ED321B664B300B1C16E /* Release */,
			);
			defaultConfigurationIsVisible = 0;
			defaultConfigurationName = Release;
		};
/* End XCConfigurationList section */
	};
	rootObject = 235C4EB721B664B100B1C16E /* Project object */;
}
